
Microsoft Visual Studio Solution File, Format Version 12.00
# Visual Studio 15
VisualStudioVersion = 15.0.28010.2046
MinimumVisualStudioVersion = 10.0.40219.1
Project("{FAE04EC0-301F-11D3-BF4B-00C04F79EFBC}") = "MYARCH.CORE", "MYARCH.CORE\MYARCH.CORE.csproj", "{2FE40C23-9E21-4EAF-B99C-8721F7DFE218}"
EndProject
Project("{2150E333-8FDC-42A3-9474-1A3956D46DE8}") = "Libraries", "Libraries", "{804550C8-51CE-4F50-9895-80F4028519D0}"
EndProject
Project("{FAE04EC0-301F-11D3-BF4B-00C04F79EFBC}") = "MYARCH.DATA", "MYARCH.DATA\MYARCH.DATA.csproj", "{9CAD6621-17D3-445A-977A-A368BB074DEF}"
EndProject
Project("{FAE04EC0-301F-11D3-BF4B-00C04F79EFBC}") = "MYARCH.DTO", "MYARCH.DTO\MYARCH.DTO.csproj", "{361F3120-95F9-496A-A5C3-CB124A73F90A}"
EndProject
Project("{FAE04EC0-301F-11D3-BF4B-00C04F79EFBC}") = "MYARCH.IoC", "MYARCH.IoC\MYARCH.IoC.csproj", "{4CAACC72-D008-4332-9C8D-4F8430A493EE}"
EndProject
Project("{FAE04EC0-301F-11D3-BF4B-00C04F79EFBC}") = "MYARCH.SERVICES", "MYARCH.SERVICES\MYARCH.SERVICES.csproj", "{163A3608-CF24-4DAA-A02E-549C066343FF}"
EndProject
Project("{FAE04EC0-301F-11D3-BF4B-00C04F79EFBC}") = "MYARCH.UTILITIES", "MYARCH.UTILITIES\MYARCH.UTILITIES.csproj", "{F474F4D8-CC82-48B6-AEEF-F85785E66294}"
EndProject
Project("{2150E333-8FDC-42A3-9474-1A3956D46DE8}") = "Plugins", "Plugins", "{11DC6B32-3C15-4B86-935B-1E3AFD649E4D}"
EndProject
Project("{FAE04EC0-301F-11D3-BF4B-00C04F79EFBC}") = "MYARCH.WEB", "MYARCH.WEB\MYARCH.WEB.csproj", "{3D345ED1-97D6-48A1-A7CE-8670FCF8C13F}"
EndProject
Project("{2150E333-8FDC-42A3-9474-1A3956D46DE8}") = "Presentation", "Presentation", "{01258F32-1D35-4EBC-AA23-94CD877B1555}"
EndProject
Global
	GlobalSection(SolutionConfigurationPlatforms) = preSolution
		Debug|Any CPU = Debug|Any CPU
		Release|Any CPU = Release|Any CPU
	EndGlobalSection
	GlobalSection(ProjectConfigurationPlatforms) = postSolution
		{2FE40C23-9E21-4EAF-B99C-8721F7DFE218}.Debug|Any CPU.ActiveCfg = Debug|Any CPU
		{2FE40C23-9E21-4EAF-B99C-8721F7DFE218}.Debug|Any CPU.Build.0 = Debug|Any CPU
		{2FE40C23-9E21-4EAF-B99C-8721F7DFE218}.Release|Any CPU.ActiveCfg = Release|Any CPU
		{2FE40C23-9E21-4EAF-B99C-8721F7DFE218}.Release|Any CPU.Build.0 = Release|Any CPU
		{9CAD6621-17D3-445A-977A-A368BB074DEF}.Debug|Any CPU.ActiveCfg = Debug|Any CPU
		{9CAD6621-17D3-445A-977A-A368BB074DEF}.Debug|Any CPU.Build.0 = Debug|Any CPU
		{9CAD6621-17D3-445A-977A-A368BB074DEF}.Release|Any CPU.ActiveCfg = Release|Any CPU
		{9CAD6621-17D3-445A-977A-A368BB074DEF}.Release|Any CPU.Build.0 = Release|Any CPU
		{361F3120-95F9-496A-A5C3-CB124A73F90A}.Debug|Any CPU.ActiveCfg = Debug|Any CPU
		{361F3120-95F9-496A-A5C3-CB124A73F90A}.Debug|Any CPU.Build.0 = Debug|Any CPU
		{361F3120-95F9-496A-A5C3-CB124A73F90A}.Release|Any CPU.ActiveCfg = Release|Any CPU
		{361F3120-95F9-496A-A5C3-CB124A73F90A}.Release|Any CPU.Build.0 = Release|Any CPU
		{4CAACC72-D008-4332-9C8D-4F8430A493EE}.Debug|Any CPU.ActiveCfg = Debug|Any CPU
		{4CAACC72-D008-4332-9C8D-4F8430A493EE}.Debug|Any CPU.Build.0 = Debug|Any CPU
		{4CAACC72-D008-4332-9C8D-4F8430A493EE}.Release|Any CPU.ActiveCfg = Release|Any CPU
		{4CAACC72-D008-4332-9C8D-4F8430A493EE}.Release|Any CPU.Build.0 = Release|Any CPU
		{163A3608-CF24-4DAA-A02E-549C066343FF}.Debug|Any CPU.ActiveCfg = Debug|Any CPU
		{163A3608-CF24-4DAA-A02E-549C066343FF}.Debug|Any CPU.Build.0 = Debug|Any CPU
		{163A3608-CF24-4DAA-A02E-549C066343FF}.Release|Any CPU.ActiveCfg = Release|Any CPU
		{163A3608-CF24-4DAA-A02E-549C066343FF}.Release|Any CPU.Build.0 = Release|Any CPU
		{F474F4D8-CC82-48B6-AEEF-F85785E66294}.Debug|Any CPU.ActiveCfg = Debug|Any CPU
		{F474F4D8-CC82-48B6-AEEF-F85785E66294}.Debug|Any CPU.Build.0 = Debug|Any CPU
		{F474F4D8-CC82-48B6-AEEF-F85785E66294}.Release|Any CPU.ActiveCfg = Release|Any CPU
		{F474F4D8-CC82-48B6-AEEF-F85785E66294}.Release|Any CPU.Build.0 = Release|Any CPU
		{3D345ED1-97D6-48A1-A7CE-8670FCF8C13F}.Debug|Any CPU.ActiveCfg = Debug|Any CPU
		{3D345ED1-97D6-48A1-A7CE-8670FCF8C13F}.Debug|Any CPU.Build.0 = Debug|Any CPU
		{3D345ED1-97D6-48A1-A7CE-8670FCF8C13F}.Release|Any CPU.ActiveCfg = Release|Any CPU
		{3D345ED1-97D6-48A1-A7CE-8670FCF8C13F}.Release|Any CPU.Build.0 = Release|Any CPU
	EndGlobalSection
	GlobalSection(SolutionProperties) = preSolution
		HideSolutionNode = FALSE
	EndGlobalSection
	GlobalSection(NestedProjects) = preSolution
		{2FE40C23-9E21-4EAF-B99C-8721F7DFE218} = {804550C8-51CE-4F50-9895-80F4028519D0}
		{9CAD6621-17D3-445A-977A-A368BB074DEF} = {804550C8-51CE-4F50-9895-80F4028519D0}
		{361F3120-95F9-496A-A5C3-CB124A73F90A} = {804550C8-51CE-4F50-9895-80F4028519D0}
		{4CAACC72-D008-4332-9C8D-4F8430A493EE} = {804550C8-51CE-4F50-9895-80F4028519D0}
		{163A3608-CF24-4DAA-A02E-549C066343FF} = {804550C8-51CE-4F50-9895-80F4028519D0}
		{F474F4D8-CC82-48B6-AEEF-F85785E66294} = {11DC6B32-3C15-4B86-935B-1E3AFD649E4D}
		{3D345ED1-97D6-48A1-A7CE-8670FCF8C13F} = {01258F32-1D35-4EBC-AA23-94CD877B1555}
	EndGlobalSection
	GlobalSection(ExtensibilityGlobals) = postSolution
		SolutionGuid = {F8C0085B-09FA-438E-AD5D-894916DFA5F3}
	EndGlobalSection
EndGlobal
